{
    "requires": true,
    "lockfileVersion": 1,
    "dependencies": {
        "laravel-vue-validator": {
            "version": "1.0.7",
            "resolved": "https://registry.npmjs.org/laravel-vue-validator/-/laravel-vue-validator-1.0.7.tgz",
            "integrity": "sha512-6dLy54phNvuP9qI+ajLz8l+1HXNCohN/czyj8+CdbTZ1TR6J0n4pV64xcw9y4XOgHOh9B1+Sg/bOcfeX80KyoA=="
        }
    }
}
